
Microsoft Visual Studio Solution File, Format Version 12.00
# Visual Studio 15
VisualStudioVersion = 15.0.26819.0
MinimumVisualStudioVersion = 10.0.40219.1
Project("{FAE04EC0-301F-11D3-BF4B-00C04F79EFBC}") = "NuGetMsbuildChecker", "NuGetMsbuildChecker\NuGetMsbuildChecker.csproj", "{5DEAF335-F627-4A24-B3A4-8EA4C028212B}"
EndProject
Global
	GlobalSection(SolutionConfigurationPlatforms) = preSolution
		Debug|Any CPU = Debug|Any CPU
		Release|Any CPU = Release|Any CPU
	EndGlobalSection
	GlobalSection(ProjectConfigurationPlatforms) = postSolution
		{5DEAF335-F627-4A24-B3A4-8EA4C028212B}.Debug|Any CPU.ActiveCfg = Debug|Any CPU
		{5DEAF335-F627-4A24-B3A4-8EA4C028212B}.Debug|Any CPU.Build.0 = Debug|Any CPU
		{5DEAF335-F627-4A24-B3A4-8EA4C028212B}.Release|Any CPU.ActiveCfg = Release|Any CPU
		{5DEAF335-F627-4A24-B3A4-8EA4C028212B}.Release|Any CPU.Build.0 = Release|Any CPU
	EndGlobalSection
	GlobalSection(SolutionProperties) = preSolution
		HideSolutionNode = FALSE
	EndGlobalSection
	GlobalSection(ExtensibilityGlobals) = postSolution
		SolutionGuid = {1F3BFC16-22AB-440A-9074-A5A2ED49A3C7}
	EndGlobalSection
EndGlobal
